# @generated - this file is auto-generated by `mise lock` https://mise.jdx.dev/dev-tools/mise-lock.html

lockfile_version = 2

[[tools."github:jdx/tak"]]
version = "0.0.13"
backend = "github:jdx/tak"
specifiers = ["v0.0.13"]

[tools."github:jdx/tak"."platforms.linux-arm64"]
checksum = "sha256:514c890ad2f34d5fbfa7e9327537a3d96a20ba863c9e45e74e210de13fa4b2aa"
url = "https://github.com/jdx/tak/releases/download/v0.0.13/tak-aarch64-unknown-linux-gnu.tar.gz"
url_api = "https://api.github.com/repos/jdx/tak/releases/assets/586862992"
provenance = "github-attestations"

[tools."github:jdx/tak"."platforms.linux-arm64-musl"]
checksum = "sha256:9cef94c166572cf501f6b92e729892c34727f1b24d94007a6e0eb1f3f685fbe2"
url = "https://github.com/jdx/tak/releases/download/v0.0.13/tak-aarch64-unknown-linux-musl.tar.gz"
url_api = "https://api.github.com/repos/jdx/tak/releases/assets/586862988"
provenance = "github-attestations"

[tools."github:jdx/tak"."platforms.linux-x64"]
checksum = "sha256:98c156f4ded5b1be51b756efc50d33e90b1f22186754e7e96dfabca1e478e26a"
url = "https://github.com/jdx/tak/releases/download/v0.0.13/tak-x86_64-unknown-linux-gnu.tar.gz"
url_api = "https://api.github.com/repos/jdx/tak/releases/assets/586863028"
provenance = "github-attestations"

[tools."github:jdx/tak"."platforms.linux-x64-musl"]
checksum = "sha256:516c32450243cc443fbf8059d91a5972abe6188d3fa1ca930bcf68241e7f3881"
url = "https://github.com/jdx/tak/releases/download/v0.0.13/tak-x86_64-unknown-linux-musl.tar.gz"
url_api = "https://api.github.com/repos/jdx/tak/releases/assets/586863029"
provenance = "github-attestations"

[tools."github:jdx/tak"."platforms.macos-arm64"]
checksum = "sha256:8e4669ee3e122fefe465dfbf550a42fd7d92baa7d9f487d646162832efe1af3e"
url = "https://github.com/jdx/tak/releases/download/v0.0.13/tak-aarch64-apple-darwin.tar.gz"
url_api = "https://api.github.com/repos/jdx/tak/releases/assets/586862991"
provenance = "github-attestations"

[tools."github:jdx/tak"."platforms.windows-x64"]
checksum = "sha256:9686180b604bf0507aceb860d357779ad3be462399b2eb4ee08d65d596a5c3af"
url = "https://github.com/jdx/tak/releases/download/v0.0.13/tak-x86_64-pc-windows-msvc.zip"
url_api = "https://api.github.com/repos/jdx/tak/releases/assets/586863027"
provenance = "github-attestations"

[[tools.jq]]
version = "1.8.2"
backend = "aqua:jqlang/jq"
specifiers = ["1.8.2"]

[tools.jq."platforms.linux-arm64"]
checksum = "sha256:8b85c817833814ddca00a144c33705546355afccf0cf39b188f3cdb48b852309"
url = "https://github.com/jqlang/jq/releases/download/jq-1.8.2/jq-linux-arm64"
url_api = "https://api.github.com/repos/jqlang/jq/releases/assets/453012756"
provenance = "github-attestations"

[tools.jq."platforms.linux-arm64-musl"]
checksum = "sha256:8b85c817833814ddca00a144c33705546355afccf0cf39b188f3cdb48b852309"
url = "https://github.com/jqlang/jq/releases/download/jq-1.8.2/jq-linux-arm64"
url_api = "https://api.github.com/repos/jqlang/jq/releases/assets/453012756"
provenance = "github-attestations"

[tools.jq."platforms.linux-x64"]
checksum = "sha256:b1c22172dd303f3be49e935aa56aa48a8b7a46e0bc838b4997d3bb451495870f"
url = "https://github.com/jqlang/jq/releases/download/jq-1.8.2/jq-linux-amd64"
url_api = "https://api.github.com/repos/jqlang/jq/releases/assets/453012752"
provenance = "github-attestations"

[tools.jq."platforms.linux-x64-musl"]
checksum = "sha256:b1c22172dd303f3be49e935aa56aa48a8b7a46e0bc838b4997d3bb451495870f"
url = "https://github.com/jqlang/jq/releases/download/jq-1.8.2/jq-linux-amd64"
url_api = "https://api.github.com/repos/jqlang/jq/releases/assets/453012752"
provenance = "github-attestations"

[tools.jq."platforms.macos-arm64"]
checksum = "sha256:2d75340ba57a4b4b4c8708a21c2dc8e958a48aaa8bba13b27f77f6e4c0eca07e"
url = "https://github.com/jqlang/jq/releases/download/jq-1.8.2/jq-macos-arm64"
url_api = "https://api.github.com/repos/jqlang/jq/releases/assets/453012783"
provenance = "github-attestations"

[tools.jq."platforms.macos-x64"]
checksum = "sha256:e94b266e3c26690550006abe63152b782280f4e14374accdf04cbde844f00bc0"
url = "https://github.com/jqlang/jq/releases/download/jq-1.8.2/jq-macos-amd64"
url_api = "https://api.github.com/repos/jqlang/jq/releases/assets/453012782"
provenance = "github-attestations"

[tools.jq."platforms.windows-x64"]
checksum = "sha256:a6fc67fedaf9128a3309a1e2ebb8b986aeccf70122ee46d2cb4849e423f0c627"
url = "https://github.com/jqlang/jq/releases/download/jq-1.8.2/jq-windows-amd64.exe"
url_api = "https://api.github.com/repos/jqlang/jq/releases/assets/453012788"
provenance = "github-attestations"

[[tools.lefthook]]
version = "2.1.14"
backend = "aqua:evilmartians/lefthook"
specifiers = ["2.1.14"]

[tools.lefthook."platforms.linux-arm64"]
checksum = "sha256:2fd4b1f33aab4e4c8691a1a6a750b0638a40bdef871234cacb33781615dbf7ba"
url = "https://github.com/evilmartians/lefthook/releases/download/v2.1.14/lefthook_2.1.14_Linux_aarch64.gz"
url_api = "https://api.github.com/repos/evilmartians/lefthook/releases/assets/563149908"
provenance = "github-attestations"

[tools.lefthook."platforms.linux-arm64-musl"]
checksum = "sha256:2fd4b1f33aab4e4c8691a1a6a750b0638a40bdef871234cacb33781615dbf7ba"
url = "https://github.com/evilmartians/lefthook/releases/download/v2.1.14/lefthook_2.1.14_Linux_aarch64.gz"
url_api = "https://api.github.com/repos/evilmartians/lefthook/releases/assets/563149908"
provenance = "github-attestations"

[tools.lefthook."platforms.linux-x64"]
checksum = "sha256:2be3187101b3a2edd5edf8b546aa2e3820531c517b4cd0216601a9c06f07c42d"
url = "https://github.com/evilmartians/lefthook/releases/download/v2.1.14/lefthook_2.1.14_Linux_x86_64.gz"
url_api = "https://api.github.com/repos/evilmartians/lefthook/releases/assets/563149839"
provenance = "github-attestations"

[tools.lefthook."platforms.linux-x64-musl"]
checksum = "sha256:2be3187101b3a2edd5edf8b546aa2e3820531c517b4cd0216601a9c06f07c42d"
url = "https://github.com/evilmartians/lefthook/releases/download/v2.1.14/lefthook_2.1.14_Linux_x86_64.gz"
url_api = "https://api.github.com/repos/evilmartians/lefthook/releases/assets/563149839"
provenance = "github-attestations"

[tools.lefthook."platforms.macos-arm64"]
checksum = "sha256:398e6a23dfe2de3fc113e091dd4b592795cc8f1665acf5501856858b8056d686"
url = "https://github.com/evilmartians/lefthook/releases/download/v2.1.14/lefthook_2.1.14_MacOS_arm64.gz"
url_api = "https://api.github.com/repos/evilmartians/lefthook/releases/assets/563149840"
provenance = "github-attestations"

[tools.lefthook."platforms.macos-x64"]
checksum = "sha256:9e304cad12b3785bf45ba6085fa6a91ed45f6ff6e7dabd50cb6834959caef06a"
url = "https://github.com/evilmartians/lefthook/releases/download/v2.1.14/lefthook_2.1.14_MacOS_x86_64.gz"
url_api = "https://api.github.com/repos/evilmartians/lefthook/releases/assets/563149898"
provenance = "github-attestations"

[tools.lefthook."platforms.windows-x64"]
checksum = "sha256:61a0f47c75c741fa2788aff55f85dfa0a34307257b176cb6b20fd821ae030454"
url = "https://github.com/evilmartians/lefthook/releases/download/v2.1.14/lefthook_2.1.14_Windows_x86_64.gz"
url_api = "https://api.github.com/repos/evilmartians/lefthook/releases/assets/563149872"
provenance = "github-attestations"

[[tools.node]]
version = "26.10.0"
backend = "core:node"
specifiers = ["26.10.0"]

[tools.node."platforms.linux-arm64"]
checksum = "sha256:423a41bff8e2a2fa15e702fefe2919ef95823b2378744daccb8439302534b44f"
url = "https://nodejs.org/dist/v26.10.0/node-v26.10.0-linux-arm64.tar.gz"

[tools.node."platforms.linux-arm64-musl"]
checksum = "sha256:d26027bff3197050d2a2b0bfa151b18e8378ed81affa2bf5093804db158979b6"
url = "https://unofficial-builds.nodejs.org/download/release/v26.10.0/node-v26.10.0-linux-arm64-musl.tar.gz"

[tools.node."platforms.linux-x64"]
checksum = "sha256:cb5c9ce9c80d7b8821e3a258543c71b939138cf17c74d5cc44bbe85d6dbc5ad8"
url = "https://nodejs.org/dist/v26.10.0/node-v26.10.0-linux-x64.tar.gz"

[tools.node."platforms.linux-x64-musl"]
checksum = "sha256:e42da94821b9422eb76bf5aaf4de0977e04ba320b8aff6148d895a94b08ee223"
url = "https://unofficial-builds.nodejs.org/download/release/v26.10.0/node-v26.10.0-linux-x64-musl.tar.gz"

[tools.node."platforms.macos-arm64"]
checksum = "sha256:751fdf7439f115d87ee2a8f3f18c065b6151852068e3e666ac60ac2996f75ac9"
url = "https://nodejs.org/dist/v26.10.0/node-v26.10.0-darwin-arm64.tar.gz"

[tools.node."platforms.macos-x64"]
checksum = "sha256:ebbe9ab9b58ad6bb54390d6e2c862c1afa7d4475fb7e8ae8146acde211bf70df"
url = "https://nodejs.org/dist/v26.10.0/node-v26.10.0-darwin-x64.tar.gz"

[tools.node."platforms.windows-x64"]
checksum = "sha256:9fef7eca6743a6b910989cd8e78712376b394fcb9b6e1e9c44a0799a287f90c5"
url = "https://nodejs.org/dist/v26.10.0/node-v26.10.0-win-x64.zip"

[[tools."npm:eslint"]]
version = "10.11.0"
aube = { path = ".mise/locks/npm-eslint/10.11.0", digest = "sha256:d2291a458a01d02272fedd94b0c80972b85ee51bd42ffd35f1c3e3c717156f5f" }
backend = "npm:eslint"
specifiers = ["10.11.0"]

[[tools."npm:prettier"]]
version = "3.9.9"
aube = { path = ".mise/locks/npm-prettier/3.9.9", digest = "sha256:815f6667505e41ac2d03ecbac86b79f1beb78d45783879428193c9adc80760a3" }
backend = "npm:prettier"
specifiers = ["3.9.9"]

[[tools."pipx:black"]]
version = "26.5.1"
backend = "pipx:black"
specifiers = ["26.5.1"]
uv = { path = ".mise/locks/pipx-black/26.5.1", digest = "sha256:946a19b9ebe206d1919492e74dc5b2273a60e618bbc5a6246fb5288311157557" }

[[tools."pipx:pre-commit-hooks"]]
version = "6.0.0"
backend = "pipx:pre-commit-hooks"
specifiers = ["6.0.0"]
uv = { path = ".mise/locks/pipx-pre-commit-hooks/6.0.0", digest = "sha256:26480ddfc45b933a881a7495cb2fd4824985f997246885aae30ddef78c52e29f" }

[[tools.pre-commit]]
version = "4.6.2"
backend = "aqua:pre-commit/pre-commit"
specifiers = ["4.6.2"]

[tools.pre-commit."platforms.linux-arm64"]
checksum = "sha256:43c09a73d82af8efff09900e60d76d67a2c3d990613c3c770b2b5c4418a16c4b"
url = "https://github.com/pre-commit/pre-commit/releases/download/v4.6.2/pre-commit-4.6.2.pyz"
url_api = "https://api.github.com/repos/pre-commit/pre-commit/releases/assets/509317714"

[tools.pre-commit."platforms.linux-arm64-musl"]
checksum = "sha256:43c09a73d82af8efff09900e60d76d67a2c3d990613c3c770b2b5c4418a16c4b"
url = "https://github.com/pre-commit/pre-commit/releases/download/v4.6.2/pre-commit-4.6.2.pyz"
url_api = "https://api.github.com/repos/pre-commit/pre-commit/releases/assets/509317714"

[tools.pre-commit."platforms.linux-x64"]
checksum = "sha256:43c09a73d82af8efff09900e60d76d67a2c3d990613c3c770b2b5c4418a16c4b"
url = "https://github.com/pre-commit/pre-commit/releases/download/v4.6.2/pre-commit-4.6.2.pyz"
url_api = "https://api.github.com/repos/pre-commit/pre-commit/releases/assets/509317714"

[tools.pre-commit."platforms.linux-x64-musl"]
checksum = "sha256:43c09a73d82af8efff09900e60d76d67a2c3d990613c3c770b2b5c4418a16c4b"
url = "https://github.com/pre-commit/pre-commit/releases/download/v4.6.2/pre-commit-4.6.2.pyz"
url_api = "https://api.github.com/repos/pre-commit/pre-commit/releases/assets/509317714"

[tools.pre-commit."platforms.macos-arm64"]
checksum = "sha256:43c09a73d82af8efff09900e60d76d67a2c3d990613c3c770b2b5c4418a16c4b"
url = "https://github.com/pre-commit/pre-commit/releases/download/v4.6.2/pre-commit-4.6.2.pyz"
url_api = "https://api.github.com/repos/pre-commit/pre-commit/releases/assets/509317714"

[tools.pre-commit."platforms.macos-x64"]
checksum = "sha256:43c09a73d82af8efff09900e60d76d67a2c3d990613c3c770b2b5c4418a16c4b"
url = "https://github.com/pre-commit/pre-commit/releases/download/v4.6.2/pre-commit-4.6.2.pyz"
url_api = "https://api.github.com/repos/pre-commit/pre-commit/releases/assets/509317714"

[[tools.prek]]
version = "0.5.3"
backend = "aqua:j178/prek"
specifiers = ["0.5.3"]

[tools.prek."platforms.linux-arm64"]
checksum = "sha256:4cfc936895e8b4e1e2f92daca61bb7c8eb123bac14585ba9f706b599776cdcc8"
url = "https://github.com/j178/prek/releases/download/v0.5.3/prek-aarch64-unknown-linux-gnu.tar.gz"
url_api = "https://api.github.com/repos/j178/prek/releases/assets/560889195"
provenance = "github-attestations"

[tools.prek."platforms.linux-arm64-musl"]
checksum = "sha256:ad3fe48802a02ec82286ab842c4a09a4e1db765e402f1fcc016f75b6929ec480"
url = "https://github.com/j178/prek/releases/download/v0.5.3/prek-aarch64-unknown-linux-musl.tar.gz"
url_api = "https://api.github.com/repos/j178/prek/releases/assets/560889200"
provenance = "github-attestations"

[tools.prek."platforms.linux-x64"]
checksum = "sha256:c1475ddc56df0003c780557d9b52273d9eb19c9ef8d91143f3ce03511182a36e"
url = "https://github.com/j178/prek/releases/download/v0.5.3/prek-x86_64-unknown-linux-gnu.tar.gz"
url_api = "https://api.github.com/repos/j178/prek/releases/assets/560889224"
provenance = "github-attestations"

[tools.prek."platforms.linux-x64-musl"]
checksum = "sha256:d4eae1f31c0817d0a9bfa532d4bb66df60a8b01f121def002021915e826c3d1f"
url = "https://github.com/j178/prek/releases/download/v0.5.3/prek-x86_64-unknown-linux-musl.tar.gz"
url_api = "https://api.github.com/repos/j178/prek/releases/assets/560889232"
provenance = "github-attestations"

[tools.prek."platforms.macos-arm64"]
checksum = "sha256:6006cc4e69cfc86d55f4e407ca60ba960a521befa54fece94038639b1f4de381"
url = "https://github.com/j178/prek/releases/download/v0.5.3/prek-aarch64-apple-darwin.tar.gz"
url_api = "https://api.github.com/repos/j178/prek/releases/assets/560889174"
provenance = "github-attestations"

[tools.prek."platforms.macos-x64"]
checksum = "sha256:874f05d12e7cb672758295b5253dfd05aadad3c2bcaa42ae712b917294629b07"
url = "https://github.com/j178/prek/releases/download/v0.5.3/prek-x86_64-apple-darwin.tar.gz"
url_api = "https://api.github.com/repos/j178/prek/releases/assets/560889217"
provenance = "github-attestations"

[tools.prek."platforms.windows-x64"]
checksum = "sha256:c15a5636bf93a3937507d8da2302b074b0946b3d35882471b002ea93586728d8"
url = "https://github.com/j178/prek/releases/download/v0.5.3/prek-x86_64-pc-windows-msvc.zip"
url_api = "https://api.github.com/repos/j178/prek/releases/assets/560889220"
provenance = "github-attestations"

[[tools.python]]
version = "3.14.7"
backend = "core:python"
specifiers = ["3.14.7"]

[tools.python."platforms.linux-arm64"]
checksum = "sha256:8a0798baa8a2c27b5751d590aced543eaa85e20b3f73d93c1af049688acdc9c5"
url = "https://github.com/astral-sh/python-build-standalone/releases/download/20260901/cpython-3.14.7+20260901-aarch64-unknown-linux-gnu-install_only_stripped.tar.gz"
provenance = "github-attestations"

[tools.python."platforms.linux-arm64-musl"]
checksum = "sha256:701c31d72187242302922a29f3bc6023ceb68b6b68fb8d4ed7568d1e6ef34548"
url = "https://github.com/astral-sh/python-build-standalone/releases/download/20260901/cpython-3.14.7+20260901-aarch64-unknown-linux-musl-install_only_stripped.tar.gz"
provenance = "github-attestations"

[tools.python."platforms.linux-x64"]
checksum = "sha256:3959f92825141e04adf44982d3a83ee57af0877e893b0796e04c1468749d9b04"
url = "https://github.com/astral-sh/python-build-standalone/releases/download/20260901/cpython-3.14.7+20260901-x86_64-unknown-linux-gnu-install_only_stripped.tar.gz"
provenance = "github-attestations"

[tools.python."platforms.linux-x64-musl"]
checksum = "sha256:c773f8a7357c0d1a29e208a14bc16386731ca9c0d2e51f1b6741967fb0632cdc"
url = "https://github.com/astral-sh/python-build-standalone/releases/download/20260901/cpython-3.14.7+20260901-x86_64-unknown-linux-musl-install_only_stripped.tar.gz"
provenance = "github-attestations"

[tools.python."platforms.macos-arm64"]
checksum = "sha256:4632cb1a6edad9e73d3c81b6d2e69131637d995173e3e85005df14102b0592ba"
url = "https://github.com/astral-sh/python-build-standalone/releases/download/20260901/cpython-3.14.7+20260901-aarch64-apple-darwin-install_only_stripped.tar.gz"
provenance = "github-attestations"

[tools.python."platforms.macos-x64"]
checksum = "sha256:7e151a7c9028855b61a7d6e78381f2020a1ef185281399f3b1aafc5e1c9a1a64"
url = "https://github.com/astral-sh/python-build-standalone/releases/download/20260901/cpython-3.14.7+20260901-x86_64-apple-darwin-install_only_stripped.tar.gz"
provenance = "github-attestations"

[tools.python."platforms.windows-x64"]
checksum = "sha256:ca3c33ca924dfcab3b74205a7a58a88b0255135c53f95497b26b5e60700fd66d"
url = "https://github.com/astral-sh/python-build-standalone/releases/download/20260901/cpython-3.14.7+20260901-x86_64-pc-windows-msvc-install_only_stripped.tar.gz"
provenance = "github-attestations"

[[tools.ruff]]
version = "0.16.8"
backend = "aqua:astral-sh/ruff"
specifiers = ["0.16.8"]

[tools.ruff."platforms.linux-arm64"]
checksum = "sha256:8ff18ee07d6ed3cfbd05fdc9012646a79482c00045dbcbf32416ef8f14ab1f7e"
url = "https://github.com/astral-sh/ruff/releases/download/0.16.8/ruff-aarch64-unknown-linux-gnu.tar.gz"
url_api = "https://api.github.com/repos/astral-sh/ruff/releases/assets/568294361"
provenance = "github-attestations"

[tools.ruff."platforms.linux-arm64-musl"]
checksum = "sha256:57a4e072b6b74a4dd0036b7b253e056bdb70e02c68504ca6f2bfca2707d03fb6"
url = "https://github.com/astral-sh/ruff/releases/download/0.16.8/ruff-aarch64-unknown-linux-musl.tar.gz"
url_api = "https://api.github.com/repos/astral-sh/ruff/releases/assets/568294370"
provenance = "github-attestations"

[tools.ruff."platforms.linux-x64"]
checksum = "sha256:c4a8c7c152532bcb7e7ede4bd6ccd440dcacddffcdcdd79b90090ac6021f41c2"
url = "https://github.com/astral-sh/ruff/releases/download/0.16.8/ruff-x86_64-unknown-linux-gnu.tar.gz"
url_api = "https://api.github.com/repos/astral-sh/ruff/releases/assets/568294510"
provenance = "github-attestations"

[tools.ruff."platforms.linux-x64-musl"]
checksum = "sha256:e56aa612121de356f37d05f3284cd806081fb72d5dbd4814b3810c5a23c562cc"
url = "https://github.com/astral-sh/ruff/releases/download/0.16.8/ruff-x86_64-unknown-linux-musl.tar.gz"
url_api = "https://api.github.com/repos/astral-sh/ruff/releases/assets/568294522"
provenance = "github-attestations"

[tools.ruff."platforms.macos-arm64"]
checksum = "sha256:0ffa53899f2970d24f14fbed8d8265c87180b159b7100794d97a1527dc60fa79"
url = "https://github.com/astral-sh/ruff/releases/download/0.16.8/ruff-aarch64-apple-darwin.tar.gz"
url_api = "https://api.github.com/repos/astral-sh/ruff/releases/assets/568294350"
provenance = "github-attestations"

[tools.ruff."platforms.macos-x64"]
checksum = "sha256:bccb4d49c5c9f7e69fd42df2475730a08a641af31b8e0ee5e775e3dd829c4686"
url = "https://github.com/astral-sh/ruff/releases/download/0.16.8/ruff-x86_64-apple-darwin.tar.gz"
url_api = "https://api.github.com/repos/astral-sh/ruff/releases/assets/568294476"
provenance = "github-attestations"

[tools.ruff."platforms.windows-x64"]
checksum = "sha256:7985e06caf14b0077cb68da41edbf812e1d9654fe4c144d72b71138e96350129"
url = "https://github.com/astral-sh/ruff/releases/download/0.16.8/ruff-x86_64-pc-windows-msvc.zip"
url_api = "https://api.github.com/repos/astral-sh/ruff/releases/assets/568294490"
provenance = "github-attestations"

[[tools.shfmt]]
version = "3.14.1"
backend = "aqua:mvdan/sh"
specifiers = ["3.14.1"]

[tools.shfmt."platforms.linux-arm64"]
checksum = "sha256:5f2db09dae91fca848f7adbdd014632e921a383863a2ad7e0450ad3aba0c6489"
url = "https://github.com/mvdan/sh/releases/download/v3.14.1/shfmt_v3.14.1_linux_arm64"
url_api = "https://api.github.com/repos/mvdan/sh/releases/assets/547320869"

[tools.shfmt."platforms.linux-arm64-musl"]
checksum = "sha256:5f2db09dae91fca848f7adbdd014632e921a383863a2ad7e0450ad3aba0c6489"
url = "https://github.com/mvdan/sh/releases/download/v3.14.1/shfmt_v3.14.1_linux_arm64"
url_api = "https://api.github.com/repos/mvdan/sh/releases/assets/547320869"

[tools.shfmt."platforms.linux-x64"]
checksum = "sha256:76e77641faa025814b77f153b29796b8e6fa2fca03e0c76a691608b86c7ea7bf"
url = "https://github.com/mvdan/sh/releases/download/v3.14.1/shfmt_v3.14.1_linux_amd64"
url_api = "https://api.github.com/repos/mvdan/sh/releases/assets/547320883"

[tools.shfmt."platforms.linux-x64-musl"]
checksum = "sha256:76e77641faa025814b77f153b29796b8e6fa2fca03e0c76a691608b86c7ea7bf"
url = "https://github.com/mvdan/sh/releases/download/v3.14.1/shfmt_v3.14.1_linux_amd64"
url_api = "https://api.github.com/repos/mvdan/sh/releases/assets/547320883"

[tools.shfmt."platforms.macos-arm64"]
checksum = "sha256:b7c872db63553ccffc7253aba3ed7d4885a27d83f1ba567b1138c6315a5847e5"
url = "https://github.com/mvdan/sh/releases/download/v3.14.1/shfmt_v3.14.1_darwin_arm64"
url_api = "https://api.github.com/repos/mvdan/sh/releases/assets/547320930"

[tools.shfmt."platforms.macos-x64"]
checksum = "sha256:d33eee0da0f92835b3562e9767a05cee7e4eaeef47daa03bfd09da17b4b590a6"
url = "https://github.com/mvdan/sh/releases/download/v3.14.1/shfmt_v3.14.1_darwin_amd64"
url_api = "https://api.github.com/repos/mvdan/sh/releases/assets/547320946"

[tools.shfmt."platforms.windows-x64"]
checksum = "sha256:13629ce28442ca80b6b5a819f7574ab39e1c28c6e26734ca816c9714e04851df"
url = "https://github.com/mvdan/sh/releases/download/v3.14.1/shfmt_v3.14.1_windows_amd64.exe"
url_api = "https://api.github.com/repos/mvdan/sh/releases/assets/547320827"

[[tools.uv]]
version = "0.12.18"
backend = "aqua:astral-sh/uv"
specifiers = ["0.12.18"]

[tools.uv."platforms.linux-arm64"]
checksum = "sha256:afb6291f3f0a6b4521fc67b947822506c41dde5b60d2189dd8f3695b2ac8c9e7"
url = "https://github.com/astral-sh/uv/releases/download/0.12.18/uv-aarch64-unknown-linux-gnu.tar.gz"
url_api = "https://api.github.com/repos/astral-sh/uv/releases/assets/582430569"
provenance = "github-attestations"

[tools.uv."platforms.linux-arm64-musl"]
checksum = "sha256:0796973fb3eea8095078c3d0659bd17a5f6789a71b8dd85caff2483178f78ac3"
url = "https://github.com/astral-sh/uv/releases/download/0.12.18/uv-aarch64-unknown-linux-musl.tar.gz"
url_api = "https://api.github.com/repos/astral-sh/uv/releases/assets/582430577"
provenance = "github-attestations"

[tools.uv."platforms.linux-x64"]
checksum = "sha256:89eadd7c76fc063887959510d5ba0ab1264dfd5f1143b925ddb73021a40acf16"
url = "https://github.com/astral-sh/uv/releases/download/0.12.18/uv-x86_64-unknown-linux-gnu.tar.gz"
url_api = "https://api.github.com/repos/astral-sh/uv/releases/assets/582430671"
provenance = "github-attestations"

[tools.uv."platforms.linux-x64-musl"]
checksum = "sha256:e38d97460b98ebfd31b197de0fe9fa578add4bc8ba0179b203dd3f87b99f98e6"
url = "https://github.com/astral-sh/uv/releases/download/0.12.18/uv-x86_64-unknown-linux-musl.tar.gz"
url_api = "https://api.github.com/repos/astral-sh/uv/releases/assets/582430675"
provenance = "github-attestations"

[tools.uv."platforms.macos-arm64"]
checksum = "sha256:cf40e0c6a202190ccd9e0406dcfdd5b2d6668a9a5c779b17948963df32aafe5b"
url = "https://github.com/astral-sh/uv/releases/download/0.12.18/uv-aarch64-apple-darwin.tar.gz"
url_api = "https://api.github.com/repos/astral-sh/uv/releases/assets/582430554"
provenance = "github-attestations"

[tools.uv."platforms.macos-x64"]
checksum = "sha256:2e4108f5395397c8bc5d43bf83d3bdbb2d0e92b90d0efa607756be704905fa33"
url = "https://github.com/astral-sh/uv/releases/download/0.12.18/uv-x86_64-apple-darwin.tar.gz"
url_api = "https://api.github.com/repos/astral-sh/uv/releases/assets/582430660"
provenance = "github-attestations"

[tools.uv."platforms.windows-x64"]
checksum = "sha256:cae6a3bc25239f83dffb467a4b180508d9da23986c04639ebfa44e43e6a84bff"
url = "https://github.com/astral-sh/uv/releases/download/0.12.18/uv-x86_64-pc-windows-msvc.zip"
url_api = "https://api.github.com/repos/astral-sh/uv/releases/assets/582430665"
provenance = "github-attestations"

[[tools.yq]]
version = "4.53.6"
backend = "aqua:mikefarah/yq"
specifiers = ["4.53.6"]

[tools.yq."platforms.linux-arm64"]
checksum = "sha256:88a1016bc1d657375a35864e4f44b6f333df8ff97b559f51bba0adcb2169df09"
url = "https://github.com/mikefarah/yq/releases/download/v4.53.6/yq_linux_arm64"
url_api = "https://api.github.com/repos/mikefarah/yq/releases/assets/522028007"
provenance = "cosign"

[tools.yq."platforms.linux-arm64-musl"]
checksum = "sha256:88a1016bc1d657375a35864e4f44b6f333df8ff97b559f51bba0adcb2169df09"
url = "https://github.com/mikefarah/yq/releases/download/v4.53.6/yq_linux_arm64"
url_api = "https://api.github.com/repos/mikefarah/yq/releases/assets/522028007"
provenance = "cosign"

[tools.yq."platforms.linux-x64"]
checksum = "sha256:c5f056448f973ae7d39b5401949648a78f2dc1947d6a8eb65be60d5c504b9385"
url = "https://github.com/mikefarah/yq/releases/download/v4.53.6/yq_linux_amd64"
url_api = "https://api.github.com/repos/mikefarah/yq/releases/assets/522028022"
provenance = "cosign"

[tools.yq."platforms.linux-x64-musl"]
checksum = "sha256:c5f056448f973ae7d39b5401949648a78f2dc1947d6a8eb65be60d5c504b9385"
url = "https://github.com/mikefarah/yq/releases/download/v4.53.6/yq_linux_amd64"
url_api = "https://api.github.com/repos/mikefarah/yq/releases/assets/522028022"
provenance = "cosign"

[tools.yq."platforms.macos-arm64"]
checksum = "sha256:cceb0b8d71ea5294334121f8429f33f92b920e7217d904a2f9f35443968ac424"
url = "https://github.com/mikefarah/yq/releases/download/v4.53.6/yq_darwin_arm64"
url_api = "https://api.github.com/repos/mikefarah/yq/releases/assets/522028033"
provenance = "cosign"

[tools.yq."platforms.macos-x64"]
checksum = "sha256:caa513cb04f3804b34d4752f0e0d7904fecb9e7cf1d34081289f83259319a7f6"
url = "https://github.com/mikefarah/yq/releases/download/v4.53.6/yq_darwin_amd64"
url_api = "https://api.github.com/repos/mikefarah/yq/releases/assets/522028031"
provenance = "cosign"

[tools.yq."platforms.windows-x64"]
checksum = "sha256:ece3dd8bb50d39f93610506273ea262feb91e5c486bbddbb10abf91b2a6c0f14"
url = "https://github.com/mikefarah/yq/releases/download/v4.53.6/yq_windows_amd64.exe"
url_api = "https://api.github.com/repos/mikefarah/yq/releases/assets/522027974"
provenance = "cosign"
