[tools.actionlint]
version = "1.7.7"
backend = "aqua:rhysd/actionlint"

[tools.bun]
version = "1.2.20"
backend = "core:bun"

[tools.cargo-binstall]
version = "1.14.4"
backend = "aqua:cargo-bins/cargo-binstall"

[tools."cargo:cargo-edit"]
version = "0.13.7"
backend = "cargo:cargo-edit"

[tools."cargo:cargo-msrv"]
version = "0.18.4"
backend = "cargo:cargo-msrv"

[tools."cargo:cargo-release"]
version = "0.25.18"
backend = "cargo:cargo-release"

[tools.git-cliff]
version = "2.10.0"
backend = "aqua:orhun/git-cliff"

[tools.hadolint]
version = "2.12.0"
backend = "ubi:hadolint/hadolint"

[tools.ktlint]
version = "1.7.1"
backend = "aqua:pinterest/ktlint"

[tools.node]
version = "24.6.0"
backend = "core:node"

[tools."npm:prettier"]
version = "3.6.2"
backend = "npm:prettier"

[tools."npm:stylelint"]
version = "16.23.1"
backend = "npm:stylelint"

[tools.pkl]
version = "0.29.0"
backend = "aqua:apple/pkl"

[tools.pkl.checksums]
"pkl-windows-amd64.exe" = "sha256:0f1db1490444293a050be5ddf612ec2a70d9b30312ddedb3f7c3104fa50c492f"

[tools.ripgrep]
version = "14.1.1"
backend = "aqua:BurntSushi/ripgrep"

[tools.shellcheck]
version = "0.11.0"
backend = "ubi:koalaman/shellcheck"

[tools.swiftlint]
version = "0.59.1"
backend = "asdf:swiftlint"

[tools.usage]
version = "2.2.2"
backend = "aqua:jdx/usage"

[tools.vhs]
version = "0.10.0"
backend = "aqua:charmbracelet/vhs"

[tools.yq]
version = "4.47.1"
backend = "aqua:mikefarah/yq"
